
Microsoft Visual Studio Solution File, Format Version 12.00
# Visual Studio Version 17
VisualStudioVersion = 17.2.32602.215
MinimumVisualStudioVersion = 10.0.40219.1
Project("{FAE04EC0-301F-11D3-BF4B-00C04F79EFBC}") = "Navis Plug", "Navis Plug\Navis Plug.csproj", "{F61EB785-BE72-4313-9CED-E9D18E8E040E}"
EndProject
Global
	GlobalSection(SolutionConfigurationPlatforms) = preSolution
		Debug|Any CPU = Debug|Any CPU
		Release|Any CPU = Release|Any CPU
	EndGlobalSection
	GlobalSection(ProjectConfigurationPlatforms) = postSolution
		{F61EB785-BE72-4313-9CED-E9D18E8E040E}.Debug|Any CPU.ActiveCfg = Debug|Any CPU
		{F61EB785-BE72-4313-9CED-E9D18E8E040E}.Debug|Any CPU.Build.0 = Debug|Any CPU
		{F61EB785-BE72-4313-9CED-E9D18E8E040E}.Release|Any CPU.ActiveCfg = Release|Any CPU
		{F61EB785-BE72-4313-9CED-E9D18E8E040E}.Release|Any CPU.Build.0 = Release|Any CPU
	EndGlobalSection
	GlobalSection(SolutionProperties) = preSolution
		HideSolutionNode = FALSE
	EndGlobalSection
	GlobalSection(ExtensibilityGlobals) = postSolution
		SolutionGuid = {4773E15C-7FF5-4A95-AD44-BE692EA0B8DF}
	EndGlobalSection
EndGlobal
